
Microsoft Visual Studio Solution File, Format Version 12.00
# Visual Studio Express 2013 for Web
VisualStudioVersion = 12.0.30723.0
MinimumVisualStudioVersion = 10.0.40219.1
Project("{FAE04EC0-301F-11D3-BF4B-00C04F79EFBC}") = "MicroBlog", "MicroBlog\MicroBlog.csproj", "{7AFB8B11-7B49-4631-84E5-0D119586B07E}"
EndProject
Project("{FAE04EC0-301F-11D3-BF4B-00C04F79EFBC}") = "MicroBlog.Test", "MicroBlog.Test\MicroBlog.Test.csproj", "{A441E3C8-42D3-4B4D-844B-84F10D8867FD}"
EndProject
Global
	GlobalSection(SolutionConfigurationPlatforms) = preSolution
		Debug|Any CPU = Debug|Any CPU
		Release|Any CPU = Release|Any CPU
	EndGlobalSection
	GlobalSection(ProjectConfigurationPlatforms) = postSolution
		{7AFB8B11-7B49-4631-84E5-0D119586B07E}.Debug|Any CPU.ActiveCfg = Debug|Any CPU
		{7AFB8B11-7B49-4631-84E5-0D119586B07E}.Debug|Any CPU.Build.0 = Debug|Any CPU
		{7AFB8B11-7B49-4631-84E5-0D119586B07E}.Release|Any CPU.ActiveCfg = Release|Any CPU
		{7AFB8B11-7B49-4631-84E5-0D119586B07E}.Release|Any CPU.Build.0 = Release|Any CPU
		{A441E3C8-42D3-4B4D-844B-84F10D8867FD}.Debug|Any CPU.ActiveCfg = Debug|Any CPU
		{A441E3C8-42D3-4B4D-844B-84F10D8867FD}.Debug|Any CPU.Build.0 = Debug|Any CPU
		{A441E3C8-42D3-4B4D-844B-84F10D8867FD}.Release|Any CPU.ActiveCfg = Release|Any CPU
		{A441E3C8-42D3-4B4D-844B-84F10D8867FD}.Release|Any CPU.Build.0 = Release|Any CPU
	EndGlobalSection
	GlobalSection(SolutionProperties) = preSolution
		HideSolutionNode = FALSE
	EndGlobalSection
EndGlobal
